
Microsoft Visual Studio Solution File, Format Version 12.00
# Visual Studio Version 17
VisualStudioVersion = 17.6.33801.468
MinimumVisualStudioVersion = 10.0.40219.1
Project("{FAE04EC0-301F-11D3-BF4B-00C04F79EFBC}") = "Internship1", "Internship1\Internship1.csproj", "{4499F4EE-5192-4FA0-B9C2-66441750D52E}"
EndProject
Global
	GlobalSection(SolutionConfigurationPlatforms) = preSolution
		Debug|Any CPU = Debug|Any CPU
		Release|Any CPU = Release|Any CPU
	EndGlobalSection
	GlobalSection(ProjectConfigurationPlatforms) = postSolution
		{4499F4EE-5192-4FA0-B9C2-66441750D52E}.Debug|Any CPU.ActiveCfg = Debug|Any CPU
		{4499F4EE-5192-4FA0-B9C2-66441750D52E}.Debug|Any CPU.Build.0 = Debug|Any CPU
		{4499F4EE-5192-4FA0-B9C2-66441750D52E}.Release|Any CPU.ActiveCfg = Release|Any CPU
		{4499F4EE-5192-4FA0-B9C2-66441750D52E}.Release|Any CPU.Build.0 = Release|Any CPU
	EndGlobalSection
	GlobalSection(SolutionProperties) = preSolution
		HideSolutionNode = FALSE
	EndGlobalSection
	GlobalSection(ExtensibilityGlobals) = postSolution
		SolutionGuid = {48CC9D36-D705-4624-821E-185966B922D8}
	EndGlobalSection
EndGlobal
